
Microsoft Visual Studio Solution File, Format Version 12.00
# Visual Studio Version 17
VisualStudioVersion = 17.3.32922.545
MinimumVisualStudioVersion = 10.0.40219.1
Project("{FAE04EC0-301F-11D3-BF4B-00C04F79EFBC}") = "WinFormsApp4", "WinFormsApp4\WinFormsApp4.csproj", "{43276761-4EA7-455F-9779-5C667CF4B2FE}"
EndProject
Global
	GlobalSection(SolutionConfigurationPlatforms) = preSolution
		Debug|Any CPU = Debug|Any CPU
		Release|Any CPU = Release|Any CPU
	EndGlobalSection
	GlobalSection(ProjectConfigurationPlatforms) = postSolution
		{43276761-4EA7-455F-9779-5C667CF4B2FE}.Debug|Any CPU.ActiveCfg = Debug|Any CPU
		{43276761-4EA7-455F-9779-5C667CF4B2FE}.Debug|Any CPU.Build.0 = Debug|Any CPU
		{43276761-4EA7-455F-9779-5C667CF4B2FE}.Release|Any CPU.ActiveCfg = Release|Any CPU
		{43276761-4EA7-455F-9779-5C667CF4B2FE}.Release|Any CPU.Build.0 = Release|Any CPU
	EndGlobalSection
	GlobalSection(SolutionProperties) = preSolution
		HideSolutionNode = FALSE
	EndGlobalSection
	GlobalSection(ExtensibilityGlobals) = postSolution
		SolutionGuid = {BA32AE87-D4C6-4C3B-B175-3A65117557AC}
	EndGlobalSection
EndGlobal
